
Microsoft Visual Studio Solution File, Format Version 12.00
# Visual Studio Version 17
VisualStudioVersion = 17.0.31903.59
MinimumVisualStudioVersion = 10.0.40219.1
Project("{2150E333-8FDC-42A3-9474-1A3956D46DE8}") = "Lib", "Lib", "{B06216EA-CC0B-47A3-B903-A8B7B13F8F08}"
EndProject
Project("{2150E333-8FDC-42A3-9474-1A3956D46DE8}") = "Engine", "Engine", "{5CA7845C-C1B4-417A-9AFE-4576439F7192}"
EndProject
Project("{2150E333-8FDC-42A3-9474-1A3956D46DE8}") = "Web", "Web", "{104D793A-5827-46A8-95E3-BADC5E2F223D}"
EndProject
Project("{FAE04EC0-301F-11D3-BF4B-00C04F79EFBC}") = "FNA.Core", "..\FNA\FNA.Core.csproj", "{A8D5E8CF-ABFA-4A1F-90F0-529AFD1911F2}"
EndProject
Project("{FAE04EC0-301F-11D3-BF4B-00C04F79EFBC}") = "Nez.FNA.Standard", "..\Nez\Nez.Portable\Nez.FNA.Standard.csproj", "{58770B76-8858-419E-9E05-4B5DDFF505AB}"
EndProject
Project("{FAE04EC0-301F-11D3-BF4B-00C04F79EFBC}") = "Nez.FNA.Standard.Persistence", "..\Nez\Nez.Persistence\Nez.FNA.Standard.Persistence.csproj", "{B50E4BBE-0194-4A86-91D0-C363B9F64EB3}"
EndProject
Project("{FAE04EC0-301F-11D3-BF4B-00C04F79EFBC}") = "Nez.FNA.Standard.ImGui", "..\Nez\Nez.ImGui\Nez.FNA.Standard.ImGui.csproj", "{5B657708-4113-4E68-A1FB-97F82B407DFA}"
EndProject
Project("{FAE04EC0-301F-11D3-BF4B-00C04F79EFBC}") = "lunge.Library", "..\lunge\src\lunge.Library\lunge.Library.csproj", "{4629C55F-18C4-4FC4-AD34-60A92D8ABC95}"
EndProject
Project("{FAE04EC0-301F-11D3-BF4B-00C04F79EFBC}") = "LiteLog", "..\lunge\src\LiteLog\LiteLog.csproj", "{3B79480C-02A1-41EE-AC1E-D669A31377D9}"
EndProject
Project("{FAE04EC0-301F-11D3-BF4B-00C04F79EFBC}") = "lunge.Library.Particles", "..\lunge\src\lunge.Library.Particles\lunge.Library.Particles.csproj", "{ECFA776F-D00C-4AD9-9AA9-36CFCF630425}"
EndProject
Project("{FAE04EC0-301F-11D3-BF4B-00C04F79EFBC}") = "ColdClearNet", "client\ColdClearNet\ColdClearNet.csproj", "{AE7B2FA1-6B5A-47AC-9AC4-86763793AF5C}"
EndProject
Project("{FAE04EC0-301F-11D3-BF4B-00C04F79EFBC}") = "Quader.Bot.Api", "client\Quader.Bot.Api\Quader.Bot.Api.csproj", "{D03F8EE4-C56E-4DA5-AF38-72E00F700AD5}"
EndProject
Project("{FAE04EC0-301F-11D3-BF4B-00C04F79EFBC}") = "Quader.Bot.Client", "client\Quader.Bot.Client\Quader.Bot.Client.csproj", "{C1B38A88-A642-405D-9DAE-442AF551F696}"
EndProject
Project("{FAE04EC0-301F-11D3-BF4B-00C04F79EFBC}") = "Quader.Engine.DllTests", "client\Quader.Engine.DllTests\Quader.Engine.DllTests.csproj", "{D66C4AE0-D13C-47A1-A3A3-2571CD89EF77}"
EndProject
Project("{FAE04EC0-301F-11D3-BF4B-00C04F79EFBC}") = "Quader.Client", "client\Quader.Client\Quader.Client.csproj", "{24B47EB2-44CC-4D46-A5EF-B033641CA1D6}"
EndProject
Project("{FAE04EC0-301F-11D3-BF4B-00C04F79EFBC}") = "Quader.Engine", "client\Quader.Engine\Quader.Engine.csproj", "{B086CC6E-B8E2-4C5E-B5CE-F6A8CDCCC5E2}"
EndProject
Global
	GlobalSection(SolutionConfigurationPlatforms) = preSolution
		Debug|Any CPU = Debug|Any CPU
		Release|Any CPU = Release|Any CPU
	EndGlobalSection
	GlobalSection(SolutionProperties) = preSolution
		HideSolutionNode = FALSE
	EndGlobalSection
	GlobalSection(NestedProjects) = preSolution
		{A8D5E8CF-ABFA-4A1F-90F0-529AFD1911F2} = {B06216EA-CC0B-47A3-B903-A8B7B13F8F08}
		{58770B76-8858-419E-9E05-4B5DDFF505AB} = {B06216EA-CC0B-47A3-B903-A8B7B13F8F08}
		{B50E4BBE-0194-4A86-91D0-C363B9F64EB3} = {B06216EA-CC0B-47A3-B903-A8B7B13F8F08}
		{5B657708-4113-4E68-A1FB-97F82B407DFA} = {B06216EA-CC0B-47A3-B903-A8B7B13F8F08}
		{4629C55F-18C4-4FC4-AD34-60A92D8ABC95} = {B06216EA-CC0B-47A3-B903-A8B7B13F8F08}
		{3B79480C-02A1-41EE-AC1E-D669A31377D9} = {B06216EA-CC0B-47A3-B903-A8B7B13F8F08}
		{ECFA776F-D00C-4AD9-9AA9-36CFCF630425} = {B06216EA-CC0B-47A3-B903-A8B7B13F8F08}
		{AE7B2FA1-6B5A-47AC-9AC4-86763793AF5C} = {B06216EA-CC0B-47A3-B903-A8B7B13F8F08}
		{D03F8EE4-C56E-4DA5-AF38-72E00F700AD5} = {B06216EA-CC0B-47A3-B903-A8B7B13F8F08}
	EndGlobalSection
	GlobalSection(ProjectConfigurationPlatforms) = postSolution
		{A8D5E8CF-ABFA-4A1F-90F0-529AFD1911F2}.Debug|Any CPU.ActiveCfg = Debug|x64
		{A8D5E8CF-ABFA-4A1F-90F0-529AFD1911F2}.Debug|Any CPU.Build.0 = Debug|x64
		{A8D5E8CF-ABFA-4A1F-90F0-529AFD1911F2}.Release|Any CPU.ActiveCfg = Release|x64
		{A8D5E8CF-ABFA-4A1F-90F0-529AFD1911F2}.Release|Any CPU.Build.0 = Release|x64
		{58770B76-8858-419E-9E05-4B5DDFF505AB}.Debug|Any CPU.ActiveCfg = Debug|Any CPU
		{58770B76-8858-419E-9E05-4B5DDFF505AB}.Debug|Any CPU.Build.0 = Debug|Any CPU
		{58770B76-8858-419E-9E05-4B5DDFF505AB}.Release|Any CPU.ActiveCfg = Release|Any CPU
		{58770B76-8858-419E-9E05-4B5DDFF505AB}.Release|Any CPU.Build.0 = Release|Any CPU
		{B50E4BBE-0194-4A86-91D0-C363B9F64EB3}.Debug|Any CPU.ActiveCfg = Debug|Any CPU
		{B50E4BBE-0194-4A86-91D0-C363B9F64EB3}.Debug|Any CPU.Build.0 = Debug|Any CPU
		{B50E4BBE-0194-4A86-91D0-C363B9F64EB3}.Release|Any CPU.ActiveCfg = Release|Any CPU
		{B50E4BBE-0194-4A86-91D0-C363B9F64EB3}.Release|Any CPU.Build.0 = Release|Any CPU
		{5B657708-4113-4E68-A1FB-97F82B407DFA}.Debug|Any CPU.ActiveCfg = Debug|Any CPU
		{5B657708-4113-4E68-A1FB-97F82B407DFA}.Debug|Any CPU.Build.0 = Debug|Any CPU
		{5B657708-4113-4E68-A1FB-97F82B407DFA}.Release|Any CPU.ActiveCfg = Release|Any CPU
		{5B657708-4113-4E68-A1FB-97F82B407DFA}.Release|Any CPU.Build.0 = Release|Any CPU
		{4629C55F-18C4-4FC4-AD34-60A92D8ABC95}.Debug|Any CPU.ActiveCfg = Debug|Any CPU
		{4629C55F-18C4-4FC4-AD34-60A92D8ABC95}.Debug|Any CPU.Build.0 = Debug|Any CPU
		{4629C55F-18C4-4FC4-AD34-60A92D8ABC95}.Release|Any CPU.ActiveCfg = Release|Any CPU
		{4629C55F-18C4-4FC4-AD34-60A92D8ABC95}.Release|Any CPU.Build.0 = Release|Any CPU
		{3B79480C-02A1-41EE-AC1E-D669A31377D9}.Debug|Any CPU.ActiveCfg = Debug|Any CPU
		{3B79480C-02A1-41EE-AC1E-D669A31377D9}.Debug|Any CPU.Build.0 = Debug|Any CPU
		{3B79480C-02A1-41EE-AC1E-D669A31377D9}.Release|Any CPU.ActiveCfg = Release|Any CPU
		{3B79480C-02A1-41EE-AC1E-D669A31377D9}.Release|Any CPU.Build.0 = Release|Any CPU
		{ECFA776F-D00C-4AD9-9AA9-36CFCF630425}.Debug|Any CPU.ActiveCfg = Debug|Any CPU
		{ECFA776F-D00C-4AD9-9AA9-36CFCF630425}.Debug|Any CPU.Build.0 = Debug|Any CPU
		{ECFA776F-D00C-4AD9-9AA9-36CFCF630425}.Release|Any CPU.ActiveCfg = Release|Any CPU
		{ECFA776F-D00C-4AD9-9AA9-36CFCF630425}.Release|Any CPU.Build.0 = Release|Any CPU
		{AE7B2FA1-6B5A-47AC-9AC4-86763793AF5C}.Debug|Any CPU.ActiveCfg = Debug|Any CPU
		{AE7B2FA1-6B5A-47AC-9AC4-86763793AF5C}.Debug|Any CPU.Build.0 = Debug|Any CPU
		{AE7B2FA1-6B5A-47AC-9AC4-86763793AF5C}.Release|Any CPU.ActiveCfg = Release|Any CPU
		{AE7B2FA1-6B5A-47AC-9AC4-86763793AF5C}.Release|Any CPU.Build.0 = Release|Any CPU
		{D03F8EE4-C56E-4DA5-AF38-72E00F700AD5}.Debug|Any CPU.ActiveCfg = Debug|Any CPU
		{D03F8EE4-C56E-4DA5-AF38-72E00F700AD5}.Debug|Any CPU.Build.0 = Debug|Any CPU
		{D03F8EE4-C56E-4DA5-AF38-72E00F700AD5}.Release|Any CPU.ActiveCfg = Release|Any CPU
		{D03F8EE4-C56E-4DA5-AF38-72E00F700AD5}.Release|Any CPU.Build.0 = Release|Any CPU
		{C1B38A88-A642-405D-9DAE-442AF551F696}.Debug|Any CPU.ActiveCfg = Debug|Any CPU
		{C1B38A88-A642-405D-9DAE-442AF551F696}.Debug|Any CPU.Build.0 = Debug|Any CPU
		{C1B38A88-A642-405D-9DAE-442AF551F696}.Release|Any CPU.ActiveCfg = Release|Any CPU
		{C1B38A88-A642-405D-9DAE-442AF551F696}.Release|Any CPU.Build.0 = Release|Any CPU
		{D66C4AE0-D13C-47A1-A3A3-2571CD89EF77}.Debug|Any CPU.ActiveCfg = Debug|Any CPU
		{D66C4AE0-D13C-47A1-A3A3-2571CD89EF77}.Debug|Any CPU.Build.0 = Debug|Any CPU
		{D66C4AE0-D13C-47A1-A3A3-2571CD89EF77}.Release|Any CPU.ActiveCfg = Release|Any CPU
		{D66C4AE0-D13C-47A1-A3A3-2571CD89EF77}.Release|Any CPU.Build.0 = Release|Any CPU
		{24B47EB2-44CC-4D46-A5EF-B033641CA1D6}.Debug|Any CPU.ActiveCfg = Debug|Any CPU
		{24B47EB2-44CC-4D46-A5EF-B033641CA1D6}.Debug|Any CPU.Build.0 = Debug|Any CPU
		{24B47EB2-44CC-4D46-A5EF-B033641CA1D6}.Release|Any CPU.ActiveCfg = Release|Any CPU
		{24B47EB2-44CC-4D46-A5EF-B033641CA1D6}.Release|Any CPU.Build.0 = Release|Any CPU
		{B086CC6E-B8E2-4C5E-B5CE-F6A8CDCCC5E2}.Debug|Any CPU.ActiveCfg = Debug|Any CPU
		{B086CC6E-B8E2-4C5E-B5CE-F6A8CDCCC5E2}.Debug|Any CPU.Build.0 = Debug|Any CPU
		{B086CC6E-B8E2-4C5E-B5CE-F6A8CDCCC5E2}.Release|Any CPU.ActiveCfg = Release|Any CPU
		{B086CC6E-B8E2-4C5E-B5CE-F6A8CDCCC5E2}.Release|Any CPU.Build.0 = Release|Any CPU
	EndGlobalSection
EndGlobal
