
Microsoft Visual Studio Solution File, Format Version 12.00
# Visual Studio Version 17
VisualStudioVersion = 17.1.32319.34
MinimumVisualStudioVersion = 10.0.40219.1
Project("{2150E333-8FDC-42A3-9474-1A3956D46DE8}") = "Lib", "Lib", "{7B554911-D9DB-47FB-9D38-B95876CEF10C}"
EndProject
Project("{9A19103F-16F7-4668-BE54-9A1E7A4F7556}") = "Quader.Engine", "Quader.Engine\Quader.Engine.csproj", "{A3D27F30-5AEA-4FC3-9B1E-1C4FE6ABEECC}"
EndProject
Project("{9A19103F-16F7-4668-BE54-9A1E7A4F7556}") = "ColdClearNet", "ColdClearNet\ColdClearNet.csproj", "{D40BE6CD-891A-469E-B9C2-79913884F07D}"
EndProject
Project("{FAE04EC0-301F-11D3-BF4B-00C04F79EFBC}") = "Quader.Bot.Client", "Quader.Bot.Client\Quader.Bot.Client.csproj", "{55F8C6A0-2262-4F31-9B9D-40EAD30EA7EC}"
EndProject
Project("{FAE04EC0-301F-11D3-BF4B-00C04F79EFBC}") = "Quader.Bot.Api", "Quader.Bot.Api\Quader.Bot.Api.csproj", "{1B16DC65-50D2-459F-B555-B74435C05D51}"
EndProject
Project("{FAE04EC0-301F-11D3-BF4B-00C04F79EFBC}") = "Quader.Client", "Quader.Client\Quader.Client.csproj", "{9A6CF3E9-C090-499C-8F01-8EF7FE6C3DD9}"
EndProject
Project("{FAE04EC0-301F-11D3-BF4B-00C04F79EFBC}") = "LiteLog", "..\..\lunge\src\LiteLog\LiteLog.csproj", "{0C34E6D2-6ECC-4DCF-9427-3802258BD115}"
EndProject
Project("{FAE04EC0-301F-11D3-BF4B-00C04F79EFBC}") = "lunge.Library", "..\..\lunge\src\lunge.Library\lunge.Library.csproj", "{C2076219-2C24-42E2-BB2E-956120A51A3B}"
EndProject
Project("{FAE04EC0-301F-11D3-BF4B-00C04F79EFBC}") = "lunge.Library.Particles", "..\..\lunge\src\lunge.Library.Particles\lunge.Library.Particles.csproj", "{CEF4168C-B1F1-4850-B5E7-DDCAC12CA342}"
EndProject
Project("{FAE04EC0-301F-11D3-BF4B-00C04F79EFBC}") = "Nez.FNA.Standard", "..\..\Nez\Nez.Portable\Nez.FNA.Standard.csproj", "{DA09AF87-9EB6-47A0-A5B3-4E68444AEC0E}"
EndProject
Project("{FAE04EC0-301F-11D3-BF4B-00C04F79EFBC}") = "Nez.FNA.Standard.Persistence", "..\..\Nez\Nez.Persistence\Nez.FNA.Standard.Persistence.csproj", "{98D7DE1A-E931-465F-8C0E-6E13DA8EB058}"
EndProject
Project("{FAE04EC0-301F-11D3-BF4B-00C04F79EFBC}") = "Nez.FNA.Standard.ImGui", "..\..\Nez\Nez.ImGui\Nez.FNA.Standard.ImGui.csproj", "{019E5553-AD4E-4FB5-9FD8-FD6C956FFDC5}"
EndProject
Project("{FAE04EC0-301F-11D3-BF4B-00C04F79EFBC}") = "FNA.Core", "..\..\FNA\FNA.Core.csproj", "{99BD05B1-6EBA-47C4-9E83-96E7158D3DA4}"
EndProject
Global
	GlobalSection(SolutionConfigurationPlatforms) = preSolution
		Debug|Any CPU = Debug|Any CPU
		Release|Any CPU = Release|Any CPU
	EndGlobalSection
	GlobalSection(ProjectConfigurationPlatforms) = postSolution
		{A3D27F30-5AEA-4FC3-9B1E-1C4FE6ABEECC}.Debug|Any CPU.ActiveCfg = Debug|Any CPU
		{A3D27F30-5AEA-4FC3-9B1E-1C4FE6ABEECC}.Debug|Any CPU.Build.0 = Debug|Any CPU
		{A3D27F30-5AEA-4FC3-9B1E-1C4FE6ABEECC}.Release|Any CPU.ActiveCfg = Release|Any CPU
		{A3D27F30-5AEA-4FC3-9B1E-1C4FE6ABEECC}.Release|Any CPU.Build.0 = Release|Any CPU
		{D40BE6CD-891A-469E-B9C2-79913884F07D}.Debug|Any CPU.ActiveCfg = Debug|Any CPU
		{D40BE6CD-891A-469E-B9C2-79913884F07D}.Debug|Any CPU.Build.0 = Debug|Any CPU
		{D40BE6CD-891A-469E-B9C2-79913884F07D}.Release|Any CPU.ActiveCfg = Release|Any CPU
		{D40BE6CD-891A-469E-B9C2-79913884F07D}.Release|Any CPU.Build.0 = Release|Any CPU
		{55F8C6A0-2262-4F31-9B9D-40EAD30EA7EC}.Debug|Any CPU.ActiveCfg = Debug|Any CPU
		{55F8C6A0-2262-4F31-9B9D-40EAD30EA7EC}.Debug|Any CPU.Build.0 = Debug|Any CPU
		{55F8C6A0-2262-4F31-9B9D-40EAD30EA7EC}.Release|Any CPU.ActiveCfg = Release|Any CPU
		{55F8C6A0-2262-4F31-9B9D-40EAD30EA7EC}.Release|Any CPU.Build.0 = Release|Any CPU
		{1B16DC65-50D2-459F-B555-B74435C05D51}.Debug|Any CPU.ActiveCfg = Debug|Any CPU
		{1B16DC65-50D2-459F-B555-B74435C05D51}.Debug|Any CPU.Build.0 = Debug|Any CPU
		{1B16DC65-50D2-459F-B555-B74435C05D51}.Release|Any CPU.ActiveCfg = Release|Any CPU
		{1B16DC65-50D2-459F-B555-B74435C05D51}.Release|Any CPU.Build.0 = Release|Any CPU
		{9A6CF3E9-C090-499C-8F01-8EF7FE6C3DD9}.Debug|Any CPU.ActiveCfg = Debug|Any CPU
		{9A6CF3E9-C090-499C-8F01-8EF7FE6C3DD9}.Debug|Any CPU.Build.0 = Debug|Any CPU
		{9A6CF3E9-C090-499C-8F01-8EF7FE6C3DD9}.Release|Any CPU.ActiveCfg = Release|Any CPU
		{9A6CF3E9-C090-499C-8F01-8EF7FE6C3DD9}.Release|Any CPU.Build.0 = Release|Any CPU
		{0C34E6D2-6ECC-4DCF-9427-3802258BD115}.Debug|Any CPU.ActiveCfg = Debug|Any CPU
		{0C34E6D2-6ECC-4DCF-9427-3802258BD115}.Debug|Any CPU.Build.0 = Debug|Any CPU
		{0C34E6D2-6ECC-4DCF-9427-3802258BD115}.Release|Any CPU.ActiveCfg = Release|Any CPU
		{0C34E6D2-6ECC-4DCF-9427-3802258BD115}.Release|Any CPU.Build.0 = Release|Any CPU
		{C2076219-2C24-42E2-BB2E-956120A51A3B}.Debug|Any CPU.ActiveCfg = Debug|Any CPU
		{C2076219-2C24-42E2-BB2E-956120A51A3B}.Debug|Any CPU.Build.0 = Debug|Any CPU
		{C2076219-2C24-42E2-BB2E-956120A51A3B}.Release|Any CPU.ActiveCfg = Release|Any CPU
		{C2076219-2C24-42E2-BB2E-956120A51A3B}.Release|Any CPU.Build.0 = Release|Any CPU
		{CEF4168C-B1F1-4850-B5E7-DDCAC12CA342}.Debug|Any CPU.ActiveCfg = Debug|Any CPU
		{CEF4168C-B1F1-4850-B5E7-DDCAC12CA342}.Debug|Any CPU.Build.0 = Debug|Any CPU
		{CEF4168C-B1F1-4850-B5E7-DDCAC12CA342}.Release|Any CPU.ActiveCfg = Release|Any CPU
		{CEF4168C-B1F1-4850-B5E7-DDCAC12CA342}.Release|Any CPU.Build.0 = Release|Any CPU
		{DA09AF87-9EB6-47A0-A5B3-4E68444AEC0E}.Debug|Any CPU.ActiveCfg = Debug|Any CPU
		{DA09AF87-9EB6-47A0-A5B3-4E68444AEC0E}.Debug|Any CPU.Build.0 = Debug|Any CPU
		{DA09AF87-9EB6-47A0-A5B3-4E68444AEC0E}.Release|Any CPU.ActiveCfg = Release|Any CPU
		{DA09AF87-9EB6-47A0-A5B3-4E68444AEC0E}.Release|Any CPU.Build.0 = Release|Any CPU
		{98D7DE1A-E931-465F-8C0E-6E13DA8EB058}.Debug|Any CPU.ActiveCfg = Debug|Any CPU
		{98D7DE1A-E931-465F-8C0E-6E13DA8EB058}.Debug|Any CPU.Build.0 = Debug|Any CPU
		{98D7DE1A-E931-465F-8C0E-6E13DA8EB058}.Release|Any CPU.ActiveCfg = Release|Any CPU
		{98D7DE1A-E931-465F-8C0E-6E13DA8EB058}.Release|Any CPU.Build.0 = Release|Any CPU
		{019E5553-AD4E-4FB5-9FD8-FD6C956FFDC5}.Debug|Any CPU.ActiveCfg = Debug|Any CPU
		{019E5553-AD4E-4FB5-9FD8-FD6C956FFDC5}.Debug|Any CPU.Build.0 = Debug|Any CPU
		{019E5553-AD4E-4FB5-9FD8-FD6C956FFDC5}.Release|Any CPU.ActiveCfg = Release|Any CPU
		{019E5553-AD4E-4FB5-9FD8-FD6C956FFDC5}.Release|Any CPU.Build.0 = Release|Any CPU
		{99BD05B1-6EBA-47C4-9E83-96E7158D3DA4}.Debug|Any CPU.ActiveCfg = Debug|x64
		{99BD05B1-6EBA-47C4-9E83-96E7158D3DA4}.Debug|Any CPU.Build.0 = Debug|x64
		{99BD05B1-6EBA-47C4-9E83-96E7158D3DA4}.Release|Any CPU.ActiveCfg = Release|x64
		{99BD05B1-6EBA-47C4-9E83-96E7158D3DA4}.Release|Any CPU.Build.0 = Release|x64
	EndGlobalSection
	GlobalSection(SolutionProperties) = preSolution
		HideSolutionNode = FALSE
	EndGlobalSection
	GlobalSection(NestedProjects) = preSolution
		{D40BE6CD-891A-469E-B9C2-79913884F07D} = {7B554911-D9DB-47FB-9D38-B95876CEF10C}
		{0C34E6D2-6ECC-4DCF-9427-3802258BD115} = {7B554911-D9DB-47FB-9D38-B95876CEF10C}
		{C2076219-2C24-42E2-BB2E-956120A51A3B} = {7B554911-D9DB-47FB-9D38-B95876CEF10C}
		{CEF4168C-B1F1-4850-B5E7-DDCAC12CA342} = {7B554911-D9DB-47FB-9D38-B95876CEF10C}
		{DA09AF87-9EB6-47A0-A5B3-4E68444AEC0E} = {7B554911-D9DB-47FB-9D38-B95876CEF10C}
		{98D7DE1A-E931-465F-8C0E-6E13DA8EB058} = {7B554911-D9DB-47FB-9D38-B95876CEF10C}
		{019E5553-AD4E-4FB5-9FD8-FD6C956FFDC5} = {7B554911-D9DB-47FB-9D38-B95876CEF10C}
		{99BD05B1-6EBA-47C4-9E83-96E7158D3DA4} = {7B554911-D9DB-47FB-9D38-B95876CEF10C}
	EndGlobalSection
	GlobalSection(ExtensibilityGlobals) = postSolution
		SolutionGuid = {067B3739-9CF0-464D-A1F4-4F5D070F36B0}
	EndGlobalSection
EndGlobal
